
Microsoft Visual Studio Solution File, Format Version 12.00
Project("{FAE04EC0-301F-11D3-BF4B-00C04F79EFBC}") = "SE310-Blog", "SE310-Blog.csproj", "{BF9044AE-F706-461C-B1B2-284B7B4EF1C4}"
EndProject
Global
	GlobalSection(SolutionConfigurationPlatforms) = preSolution
		Debug|Any CPU = Debug|Any CPU
		Release|Any CPU = Release|Any CPU
	EndGlobalSection
	GlobalSection(ProjectConfigurationPlatforms) = postSolution
		{BF9044AE-F706-461C-B1B2-284B7B4EF1C4}.Debug|Any CPU.ActiveCfg = Debug|Any CPU
		{BF9044AE-F706-461C-B1B2-284B7B4EF1C4}.Debug|Any CPU.Build.0 = Debug|Any CPU
		{BF9044AE-F706-461C-B1B2-284B7B4EF1C4}.Release|Any CPU.ActiveCfg = Release|Any CPU
		{BF9044AE-F706-461C-B1B2-284B7B4EF1C4}.Release|Any CPU.Build.0 = Release|Any CPU
	EndGlobalSection
EndGlobal
